
Microsoft Visual Studio Solution File, Format Version 12.00
# Visual Studio 15
VisualStudioVersion = 15.0.27703.2035
MinimumVisualStudioVersion = 10.0.40219.1
Project("{FAE04EC0-301F-11D3-BF4B-00C04F79EFBC}") = "Triangle.PathFinder.Application", "Triangle.PathFinder.Application\Triangle.PathFinder.Application.csproj", "{5E996DC3-1289-4411-8904-7E04DC42222B}"
EndProject
Project("{FAE04EC0-301F-11D3-BF4B-00C04F79EFBC}") = "Triangle.PathFinder.Solver", "Triangle.PathFinder.Solver\Triangle.PathFinder.Solver.csproj", "{77DE9E22-1C32-413B-A764-AC0DE9811D90}"
EndProject
Project("{FAE04EC0-301F-11D3-BF4B-00C04F79EFBC}") = "Triangle.PathFinder.Tests", "Triangle.PathFinder.Tests\Triangle.PathFinder.Tests.csproj", "{46883FBC-E28C-4309-8307-4A3DE4CC91D5}"
EndProject
Project("{FAE04EC0-301F-11D3-BF4B-00C04F79EFBC}") = "Triangle.PathFinder.InputProvider", "Triangle.PathFinder.InputProvider\Triangle.PathFinder.InputProvider.csproj", "{1C8DE2D5-1AF3-4031-B584-3A52050ADA43}"
EndProject
Global
	GlobalSection(SolutionConfigurationPlatforms) = preSolution
		Debug|Any CPU = Debug|Any CPU
		Release|Any CPU = Release|Any CPU
	EndGlobalSection
	GlobalSection(ProjectConfigurationPlatforms) = postSolution
		{5E996DC3-1289-4411-8904-7E04DC42222B}.Debug|Any CPU.ActiveCfg = Debug|Any CPU
		{5E996DC3-1289-4411-8904-7E04DC42222B}.Debug|Any CPU.Build.0 = Debug|Any CPU
		{5E996DC3-1289-4411-8904-7E04DC42222B}.Release|Any CPU.ActiveCfg = Release|Any CPU
		{5E996DC3-1289-4411-8904-7E04DC42222B}.Release|Any CPU.Build.0 = Release|Any CPU
		{77DE9E22-1C32-413B-A764-AC0DE9811D90}.Debug|Any CPU.ActiveCfg = Debug|Any CPU
		{77DE9E22-1C32-413B-A764-AC0DE9811D90}.Debug|Any CPU.Build.0 = Debug|Any CPU
		{77DE9E22-1C32-413B-A764-AC0DE9811D90}.Release|Any CPU.ActiveCfg = Release|Any CPU
		{77DE9E22-1C32-413B-A764-AC0DE9811D90}.Release|Any CPU.Build.0 = Release|Any CPU
		{46883FBC-E28C-4309-8307-4A3DE4CC91D5}.Debug|Any CPU.ActiveCfg = Debug|Any CPU
		{46883FBC-E28C-4309-8307-4A3DE4CC91D5}.Debug|Any CPU.Build.0 = Debug|Any CPU
		{46883FBC-E28C-4309-8307-4A3DE4CC91D5}.Release|Any CPU.ActiveCfg = Release|Any CPU
		{46883FBC-E28C-4309-8307-4A3DE4CC91D5}.Release|Any CPU.Build.0 = Release|Any CPU
		{1C8DE2D5-1AF3-4031-B584-3A52050ADA43}.Debug|Any CPU.ActiveCfg = Debug|Any CPU
		{1C8DE2D5-1AF3-4031-B584-3A52050ADA43}.Debug|Any CPU.Build.0 = Debug|Any CPU
		{1C8DE2D5-1AF3-4031-B584-3A52050ADA43}.Release|Any CPU.ActiveCfg = Release|Any CPU
		{1C8DE2D5-1AF3-4031-B584-3A52050ADA43}.Release|Any CPU.Build.0 = Release|Any CPU
	EndGlobalSection
	GlobalSection(SolutionProperties) = preSolution
		HideSolutionNode = FALSE
	EndGlobalSection
	GlobalSection(ExtensibilityGlobals) = postSolution
		SolutionGuid = {01796C23-60AC-4FC9-8C44-CDBE292D4219}
	EndGlobalSection
EndGlobal
